
Microsoft Visual Studio Solution File, Format Version 12.00
# Visual Studio 15
VisualStudioVersion = 15.0.27130.2003
MinimumVisualStudioVersion = 10.0.40219.1
Project("{FAE04EC0-301F-11D3-BF4B-00C04F79EFBC}") = "URI.WebAPI", "URI.WebAPI\URI.WebAPI.csproj", "{5ABB3F5B-0C15-407F-8F68-619B7C649297}"
EndProject
Global
	GlobalSection(SolutionConfigurationPlatforms) = preSolution
		Debug|Any CPU = Debug|Any CPU
		Release|Any CPU = Release|Any CPU
	EndGlobalSection
	GlobalSection(ProjectConfigurationPlatforms) = postSolution
		{5ABB3F5B-0C15-407F-8F68-619B7C649297}.Debug|Any CPU.ActiveCfg = Debug|Any CPU
		{5ABB3F5B-0C15-407F-8F68-619B7C649297}.Debug|Any CPU.Build.0 = Debug|Any CPU
		{5ABB3F5B-0C15-407F-8F68-619B7C649297}.Release|Any CPU.ActiveCfg = Release|Any CPU
		{5ABB3F5B-0C15-407F-8F68-619B7C649297}.Release|Any CPU.Build.0 = Release|Any CPU
	EndGlobalSection
	GlobalSection(SolutionProperties) = preSolution
		HideSolutionNode = FALSE
	EndGlobalSection
	GlobalSection(ExtensibilityGlobals) = postSolution
		SolutionGuid = {7048A466-403D-4B0E-B9D4-5B80E5D3CB48}
	EndGlobalSection
EndGlobal
