
Microsoft Visual Studio Solution File, Format Version 12.00
# Visual Studio 15
VisualStudioVersion = 15.0.27004.2009
MinimumVisualStudioVersion = 10.0.40219.1
Project("{9A19103F-16F7-4668-BE54-9A1E7A4F7556}") = "URI.WebAPI", "URI.WebAPI\URI.WebAPI.csproj", "{5ABB3F5B-0C15-407F-8F68-619B7C649297}"
EndProject
Project("{E53339B2-1760-4266-BCC7-CA923CBCF16C}") = "docker-compose", "docker-compose.dcproj", "{0906806A-4E43-48B7-B9E1-376F86626DF8}"
EndProject
Global
	GlobalSection(SolutionConfigurationPlatforms) = preSolution
		Debug|Any CPU = Debug|Any CPU
		Release|Any CPU = Release|Any CPU
	EndGlobalSection
	GlobalSection(ProjectConfigurationPlatforms) = postSolution
		{5ABB3F5B-0C15-407F-8F68-619B7C649297}.Debug|Any CPU.ActiveCfg = Debug|Any CPU
		{5ABB3F5B-0C15-407F-8F68-619B7C649297}.Debug|Any CPU.Build.0 = Debug|Any CPU
		{5ABB3F5B-0C15-407F-8F68-619B7C649297}.Release|Any CPU.ActiveCfg = Release|Any CPU
		{5ABB3F5B-0C15-407F-8F68-619B7C649297}.Release|Any CPU.Build.0 = Release|Any CPU
		{0906806A-4E43-48B7-B9E1-376F86626DF8}.Debug|Any CPU.ActiveCfg = Debug|Any CPU
		{0906806A-4E43-48B7-B9E1-376F86626DF8}.Debug|Any CPU.Build.0 = Debug|Any CPU
		{0906806A-4E43-48B7-B9E1-376F86626DF8}.Release|Any CPU.ActiveCfg = Release|Any CPU
		{0906806A-4E43-48B7-B9E1-376F86626DF8}.Release|Any CPU.Build.0 = Release|Any CPU
	EndGlobalSection
	GlobalSection(SolutionProperties) = preSolution
		HideSolutionNode = FALSE
	EndGlobalSection
	GlobalSection(ExtensibilityGlobals) = postSolution
		SolutionGuid = {7048A466-403D-4B0E-B9D4-5B80E5D3CB48}
	EndGlobalSection
EndGlobal
